// !$*UTF8*$!
{
	archiveVersion = 1;
	classes = {
	};
	objectVersion = 46;
	objects = {

/* Begin PBXBuildFile section */
		CE33D6231F000B2600CAD8E2 /* image.jpg in Resources */ = {isa = PBXBuildFile; fileRef = CE33D6221F000B2600CAD8E2 /* image.jpg */; };
		CE33D6511F0049A000CAD8E2 /* imageViewController.m in Sources */ = {isa = PBXBuildFile; fileRef = CE33D6501F0049A000CAD8E2 /* imageViewController.m */; };
		CE9070171EF5EACF00888D10 /* main.m in Sources */ = {isa = PBXBuildFile; fileRef = CE9070161EF5EACF00888D10 /* main.m */; };
		CE90701A1EF5EACF00888D10 /* AppDelegate.m in Sources */ = {isa = PBXBuildFile; fileRef = CE9070191EF5EACF00888D10 /* AppDelegate.m */; };
		CE90701D1EF5EACF00888D10 /* ViewController.m in Sources */ = {isa = PBXBuildFile; fileRef = CE90701C1EF5EACF00888D10 /* ViewController.m */; };
		CE9070201EF5EAD000888D10 /* Main.storyboard in Resources */ = {isa = PBXBuildFile; fileRef = CE90701E1EF5EAD000888D10 /* Main.storyboard */; };
		CE9070221EF5EAD000888D10 /* Assets.xcassets in Resources */ = {isa = PBXBuildFile; fileRef = CE9070211EF5EAD000888D10 /* Assets.xcassets */; };
		CE9070251EF5EAD000888D10 /* LaunchScreen.storyboard in Resources */ = {isa = PBXBuildFile; fileRef = CE9070231EF5EAD000888D10 /* LaunchScreen.storyboard */; };
/* End PBXBuildFile section */

/* Begin PBXFileReference section */
		CE33D6221F000B2600CAD8E2 /* image.jpg */ = {isa = PBXFileReference; lastKnownFileType = image.jpeg; path = image.jpg; sourceTree = "<group>"; };
		CE33D64F1F0049A000CAD8E2 /* imageViewController.h */ = {isa = PBXFileReference; fileEncoding = 4; lastKnownFileType = sourcecode.c.h; path = imageViewController.h; sourceTree = "<group>"; };
		CE33D6501F0049A000CAD8E2 /* imageViewController.m */ = {isa = PBXFileReference; fileEncoding = 4; lastKnownFileType = sourcecode.c.objc; path = imageViewController.m; sourceTree = "<group>"; };
		CE9070121EF5EACE00888D10 /* searchbar.app */ = {isa = PBXFileReference; explicitFileType = wrapper.application; includeInIndex = 0; path = searchbar.app; sourceTree = BUILT_PRODUCTS_DIR; };
		CE9070161EF5EACF00888D10 /* main.m */ = {isa = PBXFileReference; lastKnownFileType = sourcecode.c.objc; path = main.m; sourceTree = "<group>"; };
		CE9070181EF5EACF00888D10 /* AppDelegate.h */ = {isa = PBXFileReference; lastKnownFileType = sourcecode.c.h; path = AppDelegate.h; sourceTree = "<group>"; };
		CE9070191EF5EACF00888D10 /* AppDelegate.m */ = {isa = PBXFileReference; lastKnownFileType = sourcecode.c.objc; path = AppDelegate.m; sourceTree = "<group>"; };
		CE90701B1EF5EACF00888D10 /* ViewController.h */ = {isa = PBXFileReference; lastKnownFileType = sourcecode.c.h; path = ViewController.h; sourceTree = "<group>"; };
		CE90701C1EF5EACF00888D10 /* ViewController.m */ = {isa = PBXFileReference; lastKnownFileType = sourcecode.c.objc; path = ViewController.m; sourceTree = "<group>"; };
		CE90701F1EF5EAD000888D10 /* Base */ = {isa = PBXFileReference; lastKnownFileType = file.storyboard; name = Base; path = Base.lproj/Main.storyboard; sourceTree = "<group>"; };
		CE9070211EF5EAD000888D10 /* Assets.xcassets */ = {isa = PBXFileReference; lastKnownFileType = folder.assetcatalog; path = Assets.xcassets; sourceTree = "<group>"; };
		CE9070241EF5EAD000888D10 /* Base */ = {isa = PBXFileReference; lastKnownFileType = file.storyboard; name = Base; path = Base.lproj/LaunchScreen.storyboard; sourceTree = "<group>"; };
		CE9070261EF5EAD000888D10 /* Info.plist */ = {isa = PBXFileReference; lastKnownFileType = text.plist.xml; path = Info.plist; sourceTree = "<group>"; };
/* End PBXFileReference section */

/* Begin PBXFrameworksBuildPhase section */
		CE90700F1EF5EACE00888D10 /* Frameworks */ = {
			isa = PBXFrameworksBuildPhase;
			buildActionMask = 2147483647;
			files = (
			);
			runOnlyForDeploymentPostprocessing = 0;
		};
/* End PBXFrameworksBuildPhase section */

/* Begin PBXGroup section */
		CE9070091EF5EACD00888D10 = {
			isa = PBXGroup;
			children = (
				CE9070141EF5EACE00888D10 /* searchbar */,
				CE9070131EF5EACE00888D10 /* Products */,
			);
			sourceTree = "<group>";
		};
		CE9070131EF5EACE00888D10 /* Products */ = {
			isa = PBXGroup;
			children = (
				CE9070121EF5EACE00888D10 /* searchbar.app */,
			);
			name = Products;
			sourceTree = "<group>";
		};
		CE9070141EF5EACE00888D10 /* searchbar */ = {
			isa = PBXGroup;
			children = (
				CE90701B1EF5EACF00888D10 /* ViewController.h */,
				CE90701C1EF5EACF00888D10 /* ViewController.m */,
				CE33D64F1F0049A000CAD8E2 /* imageViewController.h */,
				CE33D6501F0049A000CAD8E2 /* imageViewController.m */,
				CE90701E1EF5EAD000888D10 /* Main.storyboard */,
				CE33D6221F000B2600CAD8E2 /* image.jpg */,
				CE9070151EF5EACF00888D10 /* Supporting Files */,
			);
			path = searchbar;
			sourceTree = "<group>";
		};
		CE9070151EF5EACF00888D10 /* Supporting Files */ = {
			isa = PBXGroup;
			children = (
				CE9070181EF5EACF00888D10 /* AppDelegate.h */,
				CE9070191EF5EACF00888D10 /* AppDelegate.m */,
				CE9070211EF5EAD000888D10 /* Assets.xcassets */,
				CE9070231EF5EAD000888D10 /* LaunchScreen.storyboard */,
				CE9070261EF5EAD000888D10 /* Info.plist */,
				CE9070161EF5EACF00888D10 /* main.m */,
			);
			name = "Supporting Files";
			sourceTree = "<group>";
		};
/* End PBXGroup section */

/* Begin PBXNativeTarget section */
		CE9070111EF5EACE00888D10 /* searchbar */ = {
			isa = PBXNativeTarget;
			buildConfigurationList = CE9070291EF5EAD000888D10 /* Build configuration list for PBXNativeTarget "searchbar" */;
			buildPhases = (
				CE90700E1EF5EACE00888D10 /* Sources */,
				CE90700F1EF5EACE00888D10 /* Frameworks */,
				CE9070101EF5EACE00888D10 /* Resources */,
			);
			buildRules = (
			);
			dependencies = (
			);
			name = searchbar;
			productName = searchbar;
			productReference = CE9070121EF5EACE00888D10 /* searchbar.app */;
			productType = "com.apple.product-type.application";
		};
/* End PBXNativeTarget section */

/* Begin PBXProject section */
		CE90700A1EF5EACE00888D10 /* Project object */ = {
			isa = PBXProject;
			attributes = {
				LastUpgradeCheck = 0830;
				ORGANIZATIONNAME = "Mohamed Jasim";
				TargetAttributes = {
					CE9070111EF5EACE00888D10 = {
						CreatedOnToolsVersion = 8.3.2;
						DevelopmentTeam = A54GFYY857;
						ProvisioningStyle = Automatic;
					};
				};
			};
			buildConfigurationList = CE90700D1EF5EACE00888D10 /* Build configuration list for PBXProject "searchbar" */;
			compatibilityVersion = "Xcode 3.2";
			developmentRegion = English;
			hasScannedForEncodings = 0;
			knownRegions = (
				en,
				Base,
			);
			mainGroup = CE9070091EF5EACD00888D10;
			productRefGroup = CE9070131EF5EACE00888D10 /* Products */;
			projectDirPath = "";
			projectRoot = "";
			targets = (
				CE9070111EF5EACE00888D10 /* searchbar */,
			);
		};
/* End PBXProject section */

/* Begin PBXResourcesBuildPhase section */
		CE9070101EF5EACE00888D10 /* Resources */ = {
			isa = PBXResourcesBuildPhase;
			buildActionMask = 2147483647;
			files = (
				CE9070251EF5EAD000888D10 /* LaunchScreen.storyboard in Resources */,
				CE9070221EF5EAD000888D10 /* Assets.xcassets in Resources */,
				CE9070201EF5EAD000888D10 /* Main.storyboard in Resources */,
				CE33D6231F000B2600CAD8E2 /* image.jpg in Resources */,
			);
			runOnlyForDeploymentPostprocessing = 0;
		};
/* End PBXResourcesBuildPhase section */

/* Begin PBXSourcesBuildPhase section */
		CE90700E1EF5EACE00888D10 /* Sources */ = {
			isa = PBXSourcesBuildPhase;
			buildActionMask = 2147483647;
			files = (
				CE90701D1EF5EACF00888D10 /* ViewController.m in Sources */,
				CE90701A1EF5EACF00888D10 /* AppDelegate.m in Sources */,
				CE33D6511F0049A000CAD8E2 /* imageViewController.m in Sources */,
				CE9070171EF5EACF00888D10 /* main.m in Sources */,
			);
			runOnlyForDeploymentPostprocessing = 0;
		};
/* End PBXSourcesBuildPhase section */

/* Begin PBXVariantGroup section */
		CE90701E1EF5EAD000888D10 /* Main.storyboard */ = {
			isa = PBXVariantGroup;
			children = (
				CE90701F1EF5EAD000888D10 /* Base */,
			);
			name = Main.storyboard;
			sourceTree = "<group>";
		};
		CE9070231EF5EAD000888D10 /* LaunchScreen.storyboard */ = {
			isa = PBXVariantGroup;
			children = (
				CE9070241EF5EAD000888D10 /* Base */,
			);
			name = LaunchScreen.storyboard;
			sourceTree = "<group>";
		};
/* End PBXVariantGroup section */

/* Begin XCBuildConfiguration section */
		CE9070271EF5EAD000888D10 /* Debug */ = {
			isa = XCBuildConfiguration;
			buildSettings = {
				ALWAYS_SEARCH_USER_PATHS = NO;
				CLANG_ANALYZER_NONNULL = YES;
				CLANG_ANALYZER_NUMBER_OBJECT_CONVERSION = YES_AGGRESSIVE;
				CLANG_CXX_LANGUAGE_STANDARD = "gnu++0x";
				CLANG_CXX_LIBRARY = "libc++";
				CLANG_ENABLE_MODULES = YES;
				CLANG_ENABLE_OBJC_ARC = YES;
				CLANG_WARN_BOOL_CONVERSION = YES;
				CLANG_WARN_CONSTANT_CONVERSION = YES;
				CLANG_WARN_DIRECT_OBJC_ISA_USAGE = YES_ERROR;
				CLANG_WARN_DOCUMENTATION_COMMENTS = YES;
				CLANG_WARN_EMPTY_BODY = YES;
				CLANG_WARN_ENUM_CONVERSION = YES;
				CLANG_WARN_INFINITE_RECURSION = YES;
				CLANG_WARN_INT_CONVERSION = YES;
				CLANG_WARN_OBJC_ROOT_CLASS = YES_ERROR;
				CLANG_WARN_SUSPICIOUS_MOVE = YES;
				CLANG_WARN_UNREACHABLE_CODE = YES;
				CLANG_WARN__DUPLICATE_METHOD_MATCH = YES;
				"CODE_SIGN_IDENTITY[sdk=iphoneos*]" = "iPhone Developer";
				COPY_PHASE_STRIP = NO;
				DEBUG_INFORMATION_FORMAT = dwarf;
				ENABLE_STRICT_OBJC_MSGSEND = YES;
				ENABLE_TESTABILITY = YES;
				GCC_C_LANGUAGE_STANDARD = gnu99;
				GCC_DYNAMIC_NO_PIC = NO;
				GCC_NO_COMMON_BLOCKS = YES;
				GCC_OPTIMIZATION_LEVEL = 0;
				GCC_PREPROCESSOR_DEFINITIONS = (
					"DEBUG=1",
					"$(inherited)",
				);
				GCC_WARN_64_TO_32_BIT_CONVERSION = YES;
				GCC_WARN_ABOUT_RETURN_TYPE = YES_ERROR;
				GCC_WARN_UNDECLARED_SELECTOR = YES;
				GCC_WARN_UNINITIALIZED_AUTOS = YES_AGGRESSIVE;
				GCC_WARN_UNUSED_FUNCTION = YES;
				GCC_WARN_UNUSED_VARIABLE = YES;
				IPHONEOS_DEPLOYMENT_TARGET = 10.3;
				MTL_ENABLE_DEBUG_INFO = YES;
				ONLY_ACTIVE_ARCH = YES;
				SDKROOT = iphoneos;
				TARGETED_DEVICE_FAMILY = "1,2";
			};
			name = Debug;
		};
		CE9070281EF5EAD000888D10 /* Release */ = {
			isa = XCBuildConfiguration;
			buildSettings = {
				ALWAYS_SEARCH_USER_PATHS = NO;
				CLANG_ANALYZER_NONNULL = YES;
				CLANG_ANALYZER_NUMBER_OBJECT_CONVERSION = YES_AGGRESSIVE;
				CLANG_CXX_LANGUAGE_STANDARD = "gnu++0x";
				CLANG_CXX_LIBRARY = "libc++";
				CLANG_ENABLE_MODULES = YES;
				CLANG_ENABLE_OBJC_ARC = YES;
				CLANG_WARN_BOOL_CONVERSION = YES;
				CLANG_WARN_CONSTANT_CONVERSION = YES;
				CLANG_WARN_DIRECT_OBJC_ISA_USAGE = YES_ERROR;
				CLANG_WARN_DOCUMENTATION_COMMENTS = YES;
				CLANG_WARN_EMPTY_BODY = YES;
				CLANG_WARN_ENUM_CONVERSION = YES;
				CLANG_WARN_INFINITE_RECURSION = YES;
				CLANG_WARN_INT_CONVERSION = YES;
				CLANG_WARN_OBJC_ROOT_CLASS = YES_ERROR;
				CLANG_WARN_SUSPICIOUS_MOVE = YES;
				CLANG_WARN_UNREACHABLE_CODE = YES;
				CLANG_WARN__DUPLICATE_METHOD_MATCH = YES;
				"CODE_SIGN_IDENTITY[sdk=iphoneos*]" = "iPhone Developer";
				COPY_PHASE_STRIP = NO;
				DEBUG_INFORMATION_FORMAT = "dwarf-with-dsym";
				ENABLE_NS_ASSERTIONS = NO;
				ENABLE_STRICT_OBJC_MSGSEND = YES;
				GCC_C_LANGUAGE_STANDARD = gnu99;
				GCC_NO_COMMON_BLOCKS = YES;
				GCC_WARN_64_TO_32_BIT_CONVERSION = YES;
				GCC_WARN_ABOUT_RETURN_TYPE = YES_ERROR;
				GCC_WARN_UNDECLARED_SELECTOR = YES;
				GCC_WARN_UNINITIALIZED_AUTOS = YES_AGGRESSIVE;
				GCC_WARN_UNUSED_FUNCTION = YES;
				GCC_WARN_UNUSED_VARIABLE = YES;
				IPHONEOS_DEPLOYMENT_TARGET = 10.3;
				MTL_ENABLE_DEBUG_INFO = NO;
				SDKROOT = iphoneos;
				TARGETED_DEVICE_FAMILY = "1,2";
				VALIDATE_PRODUCT = YES;
			};
			name = Release;
		};
		CE90702A1EF5EAD000888D10 /* Debug */ = {
			isa = XCBuildConfiguration;
			buildSettings = {
				ASSETCATALOG_COMPILER_APPICON_NAME = AppIcon;
				DEVELOPMENT_TEAM = A54GFYY857;
				INFOPLIST_FILE = searchbar/Info.plist;
				IPHONEOS_DEPLOYMENT_TARGET = 9.0;
				LD_RUNPATH_SEARCH_PATHS = "$(inherited) @executable_path/Frameworks";
				PRODUCT_BUNDLE_IDENTIFIER = jasimmohd.searchbar;
				PRODUCT_NAME = "$(TARGET_NAME)";
			};
			name = Debug;
		};
		CE90702B1EF5EAD000888D10 /* Release */ = {
			isa = XCBuildConfiguration;
			buildSettings = {
				ASSETCATALOG_COMPILER_APPICON_NAME = AppIcon;
				DEVELOPMENT_TEAM = A54GFYY857;
				INFOPLIST_FILE = searchbar/Info.plist;
				IPHONEOS_DEPLOYMENT_TARGET = 9.0;
				LD_RUNPATH_SEARCH_PATHS = "$(inherited) @executable_path/Frameworks";
				PRODUCT_BUNDLE_IDENTIFIER = jasimmohd.searchbar;
				PRODUCT_NAME = "$(TARGET_NAME)";
			};
			name = Release;
		};
/* End XCBuildConfiguration section */

/* Begin XCConfigurationList section */
		CE90700D1EF5EACE00888D10 /* Build configuration list for PBXProject "searchbar" */ = {
			isa = XCConfigurationList;
			buildConfigurations = (
				CE9070271EF5EAD000888D10 /* Debug */,
				CE9070281EF5EAD000888D10 /* Release */,
			);
			defaultConfigurationIsVisible = 0;
			defaultConfigurationName = Release;
		};
		CE9070291EF5EAD000888D10 /* Build configuration list for PBXNativeTarget "searchbar" */ = {
			isa = XCConfigurationList;
			buildConfigurations = (
				CE90702A1EF5EAD000888D10 /* Debug */,
				CE90702B1EF5EAD000888D10 /* Release */,
			);
			defaultConfigurationIsVisible = 0;
			defaultConfigurationName = Release;
		};
/* End XCConfigurationList section */
	};
	rootObject = CE90700A1EF5EACE00888D10 /* Project object */;
}
